{
  "name": "css-scopulation-enterprise-max-ai",
  "version": "0.1.0",
  "lockfileVersion": 2,
  "requires": true,
  "packages": {
    "": {
      "version": "0.1.0",
      "license": "ISC",
      "devDependencies": {
        "husky": "^7.0.1",
        "uglify-js": "^3.14.0"
      }
    },
    "node_modules/husky": {
      "version": "7.0.1",
      "resolved": "https://registry.npmjs.org/husky/-/husky-7.0.1.tgz",
      "integrity": "sha512-gceRaITVZ+cJH9sNHqx5tFwbzlLCVxtVZcusME8JYQ8Edy5mpGDOqD8QBCdMhpyo9a+JXddnujQ4rpY2Ff9SJA==",
      "dev": true,
      "bin": {
        "husky": "lib/bin.js"
      },
      "engines": {
        "node": ">=12"
      },
      "funding": {
        "url": "https://github.com/sponsors/typicode"
      }
    },
    "node_modules/uglify-js": {
      "version": "3.14.0",
      "resolved": "https://registry.npmjs.org/uglify-js/-/uglify-js-3.14.0.tgz",
      "integrity": "sha512-R/tiGB1ZXp2BC+TkRGLwj8xUZgdfT2f4UZEgX6aVjJ5uttPrr4fYmwTWDGqVnBCLbOXRMY6nr/BTbwCtVfps0g==",
      "dev": true,
      "bin": {
        "uglifyjs": "bin/uglifyjs"
      },
      "engines": {
        "node": ">=0.8.0"
      }
    }
  },
  "dependencies": {
    "husky": {
      "version": "7.0.1",
      "resolved": "https://registry.npmjs.org/husky/-/husky-7.0.1.tgz",
      "integrity": "sha512-gceRaITVZ+cJH9sNHqx5tFwbzlLCVxtVZcusME8JYQ8Edy5mpGDOqD8QBCdMhpyo9a+JXddnujQ4rpY2Ff9SJA==",
      "dev": true
    },
    "uglify-js": {
      "version": "3.14.0",
      "resolved": "https://registry.npmjs.org/uglify-js/-/uglify-js-3.14.0.tgz",
      "integrity": "sha512-R/tiGB1ZXp2BC+TkRGLwj8xUZgdfT2f4UZEgX6aVjJ5uttPrr4fYmwTWDGqVnBCLbOXRMY6nr/BTbwCtVfps0g==",
      "dev": true
    }
  }
}
